{
  "name": "miro-example",
  "version": "1.0.0",
  "lockfileVersion": 3,
  "requires": true,
  "packages": {
    "": {
      "name": "miro-example",
      "version": "1.0.0",
      "dependencies": {
        "@miro/image-upload": "file:../miro-image-upload-1.0.0.tgz"
      }
    },
    "node_modules/@miro/image-upload": {
      "version": "1.0.0",
      "resolved": "file:../miro-image-upload-1.0.0.tgz",
      "integrity": "sha512-ZR7iP66szWwsoaiOskMS+uNj3Tl1o3xgYadMmEF5osxZn4zd5IdWTP7Kh+SS9HO63aa7YtGHUwDMZ984c+pDwA=="
    }
  }
}
