{
  "name": "miro-example",
  "version": "1.0.0",
  "lockfileVersion": 3,
  "requires": true,
  "packages": {
    "": {
      "name": "miro-example",
      "version": "1.0.0",
      "dependencies": {
        "@miro/image-upload": "file:../miro-image-upload-0.1.0.tgz"
      }
    },
    "node_modules/@miro/image-upload": {
      "version": "0.1.0",
      "resolved": "file:../miro-image-upload-0.1.0.tgz",
      "integrity": "sha512-5Z1eqySyQpC2P+uu4aCls2k8hFCRoGe73x5zXVVjbnOSgAjdQoNglLO3DQxS2sy+w95adDKkA58Vi+vQjIlSig=="
    }
  }
}
